
Microsoft Visual Studio Solution File, Format Version 12.00
# Visual Studio Version 16
VisualStudioVersion = 16.0.29009.5
MinimumVisualStudioVersion = 10.0.40219.1
Project("{FAE04EC0-301F-11D3-BF4B-00C04F79EFBC}") = "Project", "Project\Project.csproj", "{62A8BC89-2225-4203-94CA-9AAC58AB8AE0}"
EndProject
Global
	GlobalSection(SolutionConfigurationPlatforms) = preSolution
		Debug|Any CPU = Debug|Any CPU
		Release|Any CPU = Release|Any CPU
	EndGlobalSection
	GlobalSection(ProjectConfigurationPlatforms) = postSolution
		{62A8BC89-2225-4203-94CA-9AAC58AB8AE0}.Debug|Any CPU.ActiveCfg = Debug|Any CPU
		{62A8BC89-2225-4203-94CA-9AAC58AB8AE0}.Debug|Any CPU.Build.0 = Debug|Any CPU
		{62A8BC89-2225-4203-94CA-9AAC58AB8AE0}.Release|Any CPU.ActiveCfg = Release|Any CPU
		{62A8BC89-2225-4203-94CA-9AAC58AB8AE0}.Release|Any CPU.Build.0 = Release|Any CPU
	EndGlobalSection
	GlobalSection(SolutionProperties) = preSolution
		HideSolutionNode = FALSE
	EndGlobalSection
	GlobalSection(ExtensibilityGlobals) = postSolution
		SolutionGuid = {8D45BFBE-8918-46C6-85C9-C0BA05C4EE3D}
	EndGlobalSection
EndGlobal
