
Microsoft Visual Studio Solution File, Format Version 12.00
# Visual Studio Version 16
VisualStudioVersion = 16.0.29009.5
MinimumVisualStudioVersion = 10.0.40219.1
Project("{FAE04EC0-301F-11D3-BF4B-00C04F79EFBC}") = "Project", "Project\Project.csproj", "{218FAA31-B3AA-4390-9E01-7E87559E45AA}"
EndProject
Global
	GlobalSection(SolutionConfigurationPlatforms) = preSolution
		Debug|Any CPU = Debug|Any CPU
		Release|Any CPU = Release|Any CPU
	EndGlobalSection
	GlobalSection(ProjectConfigurationPlatforms) = postSolution
		{218FAA31-B3AA-4390-9E01-7E87559E45AA}.Debug|Any CPU.ActiveCfg = Debug|Any CPU
		{218FAA31-B3AA-4390-9E01-7E87559E45AA}.Debug|Any CPU.Build.0 = Debug|Any CPU
		{218FAA31-B3AA-4390-9E01-7E87559E45AA}.Release|Any CPU.ActiveCfg = Release|Any CPU
		{218FAA31-B3AA-4390-9E01-7E87559E45AA}.Release|Any CPU.Build.0 = Release|Any CPU
	EndGlobalSection
	GlobalSection(SolutionProperties) = preSolution
		HideSolutionNode = FALSE
	EndGlobalSection
	GlobalSection(ExtensibilityGlobals) = postSolution
		SolutionGuid = {329EBC6E-DBE3-4992-AF74-A82F0BB1D940}
	EndGlobalSection
EndGlobal
